{
  "name": "MegaSecArea_",
  "lockfileVersion": 3,
  "requires": true,
  "packages": {
    "": {
      "dependencies": {
        "@lordicon/element": "^1.6.0"
      }
    },
    "node_modules/@lordicon/element": {
      "version": "1.6.0",
      "resolved": "https://registry.npmjs.org/@lordicon/element/-/element-1.6.0.tgz",
      "integrity": "sha512-+w/CBDsqWvPZNwNIm1RszudmmJ8/sSsz+k5vS+b6Go37nidtQUG1JdMgCHdO5yzZLi+Pi3iX+EoqQdtGSzQucQ==",
      "dependencies": {
        "@lordicon/helpers": "^1.6.0"
      }
    },
    "node_modules/@lordicon/helpers": {
      "version": "1.6.0",
      "resolved": "https://registry.npmjs.org/@lordicon/helpers/-/helpers-1.6.0.tgz",
      "integrity": "sha512-iEw6q1gycHf77e4o+PdTg1Ua4yXdREVnCsErTw/f4eaAUDYFF/qWQSq3mJJuiwvZ/JT1vwctQ2dKr1FxUY1W2w=="
    }
  }
}
